// !$*UTF8*$!
{
	archiveVersion = 1;
	classes = {
	};
	objectVersion = 46;
	objects = {

/* Begin PBXBuildFile section */
		A302945516FB554F009BBF6D /* miso-light.ttf in Resources */ = {isa = PBXBuildFile; fileRef = A302945416FB554F009BBF6D /* miso-light.ttf */; };
		A302945716FB56DB009BBF6D /* miso-regular.ttf in Resources */ = {isa = PBXBuildFile; fileRef = A302945616FB56DB009BBF6D /* miso-regular.ttf */; };
		A307E81316DE8A0D00C9425A /* UIKit.framework in Frameworks */ = {isa = PBXBuildFile; fileRef = A307E81216DE8A0D00C9425A /* UIKit.framework */; };
		A307E81516DE8A0D00C9425A /* Foundation.framework in Frameworks */ = {isa = PBXBuildFile; fileRef = A307E81416DE8A0D00C9425A /* Foundation.framework */; };
		A307E81716DE8A0D00C9425A /* CoreGraphics.framework in Frameworks */ = {isa = PBXBuildFile; fileRef = A307E81616DE8A0D00C9425A /* CoreGraphics.framework */; };
		A307E81D16DE8A0D00C9425A /* InfoPlist.strings in Resources */ = {isa = PBXBuildFile; fileRef = A307E81B16DE8A0D00C9425A /* InfoPlist.strings */; };
		A307E81F16DE8A0D00C9425A /* main.m in Sources */ = {isa = PBXBuildFile; fileRef = A307E81E16DE8A0D00C9425A /* main.m */; };
		A307E82316DE8A0D00C9425A /* BYAppDelegate.m in Sources */ = {isa = PBXBuildFile; fileRef = A307E82216DE8A0D00C9425A /* BYAppDelegate.m */; };
		A307E82516DE8A0D00C9425A /* Default.png in Resources */ = {isa = PBXBuildFile; fileRef = A307E82416DE8A0D00C9425A /* Default.png */; };
		A307E82716DE8A0D00C9425A /* Default@2x.png in Resources */ = {isa = PBXBuildFile; fileRef = A307E82616DE8A0D00C9425A /* Default@2x.png */; };
		A307E82916DE8A0D00C9425A /* Default-568h@2x.png in Resources */ = {isa = PBXBuildFile; fileRef = A307E82816DE8A0D00C9425A /* Default-568h@2x.png */; };
		A310311416E3AC9E00B163DC /* BYContainerViewController.m in Sources */ = {isa = PBXBuildFile; fileRef = A310311316E3AC9E00B163DC /* BYContainerViewController.m */; };
		A310311E16E3E37C00B163DC /* BYMainViewController.m in Sources */ = {isa = PBXBuildFile; fileRef = A310311C16E3E37C00B163DC /* BYMainViewController.m */; };
		A3193F16171C613A00EED786 /* Expense.m in Sources */ = {isa = PBXBuildFile; fileRef = A3193F15171C613A00EED786 /* Expense.m */; };
		A337965016E52A4C00C55116 /* BYCollectionViewCell.m in Sources */ = {isa = PBXBuildFile; fileRef = A337964F16E52A4C00C55116 /* BYCollectionViewCell.m */; };
		A3598064170E42F700FA8872 /* CoreLocation.framework in Frameworks */ = {isa = PBXBuildFile; fileRef = A3598063170E42F700FA8872 /* CoreLocation.framework */; };
		A373763316F62FF400611FC6 /* BYExpenseViewController.m in Sources */ = {isa = PBXBuildFile; fileRef = A373763216F62FF400611FC6 /* BYExpenseViewController.m */; };
		A37526DB16F4FD540079C94A /* BYCollectionView.m in Sources */ = {isa = PBXBuildFile; fileRef = A37526DA16F4FD540079C94A /* BYCollectionView.m */; };
		A3832F0C16E0F6F800D64DC1 /* ApsiapeDataModel.xcdatamodeld in Sources */ = {isa = PBXBuildFile; fileRef = A3832F0A16E0F6F800D64DC1 /* ApsiapeDataModel.xcdatamodeld */; };
		A384A4AF16F0FA11008FC8DC /* search@2x.png in Resources */ = {isa = PBXBuildFile; fileRef = A384A4AD16F0FA11008FC8DC /* search@2x.png */; };
		A384A4B016F0FA11008FC8DC /* add@2x.png in Resources */ = {isa = PBXBuildFile; fileRef = A384A4AE16F0FA11008FC8DC /* add@2x.png */; };
		A39162B11703667F00B3F9FF /* BYQuickShotView.m in Sources */ = {isa = PBXBuildFile; fileRef = A39162B01703667F00B3F9FF /* BYQuickShotView.m */; };
		A39162B31703A5AD00B3F9FF /* AVFoundation.framework in Frameworks */ = {isa = PBXBuildFile; fileRef = A39162B21703A5AD00B3F9FF /* AVFoundation.framework */; };
		A39162B51703A75700B3F9FF /* CoreMedia.framework in Frameworks */ = {isa = PBXBuildFile; fileRef = A39162B41703A75700B3F9FF /* CoreMedia.framework */; };
		A39C59BE16F6165800A68679 /* QuartzCore.framework in Frameworks */ = {isa = PBXBuildFile; fileRef = A39C59BD16F6165800A68679 /* QuartzCore.framework */; };
		A3A24CD916FA1F5D0058493E /* BYExpenseInputView.m in Sources */ = {isa = PBXBuildFile; fileRef = A3A24CD816FA1F5D0058493E /* BYExpenseInputView.m */; };
		A3D840BE1713262E004F6410 /* LocationArrow.png in Resources */ = {isa = PBXBuildFile; fileRef = A3D840BD1713262E004F6410 /* LocationArrow.png */; };
		A3DAA96516F778CC00C22671 /* BYStorage.m in Sources */ = {isa = PBXBuildFile; fileRef = A3DAA96416F778CC00C22671 /* BYStorage.m */; };
		A3E7570216E295F400AE2AF7 /* CoreData.framework in Frameworks */ = {isa = PBXBuildFile; fileRef = A3E7570116E295F400AE2AF7 /* CoreData.framework */; };
		A3F7FAC716FA36D1002F58AA /* BYExpenseKeyboard.m in Sources */ = {isa = PBXBuildFile; fileRef = A3F7FAC616FA36D1002F58AA /* BYExpenseKeyboard.m */; };
/* End PBXBuildFile section */

/* Begin PBXFileReference section */
		A302945416FB554F009BBF6D /* miso-light.ttf */ = {isa = PBXFileReference; lastKnownFileType = file; path = "miso-light.ttf"; sourceTree = "<group>"; };
		A302945616FB56DB009BBF6D /* miso-regular.ttf */ = {isa = PBXFileReference; lastKnownFileType = file; path = "miso-regular.ttf"; sourceTree = "<group>"; };
		A307E80F16DE8A0D00C9425A /* Apsiape.app */ = {isa = PBXFileReference; explicitFileType = wrapper.application; includeInIndex = 0; path = Apsiape.app; sourceTree = BUILT_PRODUCTS_DIR; };
		A307E81216DE8A0D00C9425A /* UIKit.framework */ = {isa = PBXFileReference; lastKnownFileType = wrapper.framework; name = UIKit.framework; path = System/Library/Frameworks/UIKit.framework; sourceTree = SDKROOT; };
		A307E81416DE8A0D00C9425A /* Foundation.framework */ = {isa = PBXFileReference; lastKnownFileType = wrapper.framework; name = Foundation.framework; path = System/Library/Frameworks/Foundation.framework; sourceTree = SDKROOT; };
		A307E81616DE8A0D00C9425A /* CoreGraphics.framework */ = {isa = PBXFileReference; lastKnownFileType = wrapper.framework; name = CoreGraphics.framework; path = System/Library/Frameworks/CoreGraphics.framework; sourceTree = SDKROOT; };
		A307E81A16DE8A0D00C9425A /* Apsiape-Info.plist */ = {isa = PBXFileReference; lastKnownFileType = text.plist.xml; path = "Apsiape-Info.plist"; sourceTree = "<group>"; };
		A307E81C16DE8A0D00C9425A /* en */ = {isa = PBXFileReference; lastKnownFileType = text.plist.strings; name = en; path = en.lproj/InfoPlist.strings; sourceTree = "<group>"; };
		A307E81E16DE8A0D00C9425A /* main.m */ = {isa = PBXFileReference; lastKnownFileType = sourcecode.c.objc; path = main.m; sourceTree = "<group>"; };
		A307E82016DE8A0D00C9425A /* Apsiape-Prefix.pch */ = {isa = PBXFileReference; lastKnownFileType = sourcecode.c.h; path = "Apsiape-Prefix.pch"; sourceTree = "<group>"; };
		A307E82116DE8A0D00C9425A /* BYAppDelegate.h */ = {isa = PBXFileReference; lastKnownFileType = sourcecode.c.h; path = BYAppDelegate.h; sourceTree = "<group>"; };
		A307E82216DE8A0D00C9425A /* BYAppDelegate.m */ = {isa = PBXFileReference; lastKnownFileType = sourcecode.c.objc; path = BYAppDelegate.m; sourceTree = "<group>"; };
		A307E82416DE8A0D00C9425A /* Default.png */ = {isa = PBXFileReference; lastKnownFileType = image.png; path = Default.png; sourceTree = "<group>"; };
		A307E82616DE8A0D00C9425A /* Default@2x.png */ = {isa = PBXFileReference; lastKnownFileType = image.png; path = "Default@2x.png"; sourceTree = "<group>"; };
		A307E82816DE8A0D00C9425A /* Default-568h@2x.png */ = {isa = PBXFileReference; lastKnownFileType = image.png; path = "Default-568h@2x.png"; sourceTree = "<group>"; };
		A310311216E3AC9E00B163DC /* BYContainerViewController.h */ = {isa = PBXFileReference; fileEncoding = 4; lastKnownFileType = sourcecode.c.h; path = BYContainerViewController.h; sourceTree = "<group>"; };
		A310311316E3AC9E00B163DC /* BYContainerViewController.m */ = {isa = PBXFileReference; fileEncoding = 4; lastKnownFileType = sourcecode.c.objc; path = BYContainerViewController.m; sourceTree = "<group>"; };
		A310311B16E3E37C00B163DC /* BYMainViewController.h */ = {isa = PBXFileReference; fileEncoding = 4; lastKnownFileType = sourcecode.c.h; path = BYMainViewController.h; sourceTree = "<group>"; };
		A310311C16E3E37C00B163DC /* BYMainViewController.m */ = {isa = PBXFileReference; fileEncoding = 4; lastKnownFileType = sourcecode.c.objc; path = BYMainViewController.m; sourceTree = "<group>"; };
		A3193F14171C613A00EED786 /* Expense.h */ = {isa = PBXFileReference; fileEncoding = 4; lastKnownFileType = sourcecode.c.h; path = Expense.h; sourceTree = "<group>"; };
		A3193F15171C613A00EED786 /* Expense.m */ = {isa = PBXFileReference; fileEncoding = 4; lastKnownFileType = sourcecode.c.objc; path = Expense.m; sourceTree = "<group>"; };
		A337964E16E52A4C00C55116 /* BYCollectionViewCell.h */ = {isa = PBXFileReference; fileEncoding = 4; lastKnownFileType = sourcecode.c.h; path = BYCollectionViewCell.h; sourceTree = "<group>"; };
		A337964F16E52A4C00C55116 /* BYCollectionViewCell.m */ = {isa = PBXFileReference; fileEncoding = 4; lastKnownFileType = sourcecode.c.objc; path = BYCollectionViewCell.m; sourceTree = "<group>"; };
		A3598063170E42F700FA8872 /* CoreLocation.framework */ = {isa = PBXFileReference; lastKnownFileType = wrapper.framework; name = CoreLocation.framework; path = System/Library/Frameworks/CoreLocation.framework; sourceTree = SDKROOT; };
		A373763116F62FF400611FC6 /* BYExpenseViewController.h */ = {isa = PBXFileReference; fileEncoding = 4; lastKnownFileType = sourcecode.c.h; path = BYExpenseViewController.h; sourceTree = "<group>"; };
		A373763216F62FF400611FC6 /* BYExpenseViewController.m */ = {isa = PBXFileReference; fileEncoding = 4; lastKnownFileType = sourcecode.c.objc; path = BYExpenseViewController.m; sourceTree = "<group>"; };
		A37526D916F4FD530079C94A /* BYCollectionView.h */ = {isa = PBXFileReference; fileEncoding = 4; lastKnownFileType = sourcecode.c.h; path = BYCollectionView.h; sourceTree = "<group>"; };
		A37526DA16F4FD540079C94A /* BYCollectionView.m */ = {isa = PBXFileReference; fileEncoding = 4; lastKnownFileType = sourcecode.c.objc; path = BYCollectionView.m; sourceTree = "<group>"; };
		A3832F0B16E0F6F800D64DC1 /* ApsiapeDataModel.xcdatamodel */ = {isa = PBXFileReference; lastKnownFileType = wrapper.xcdatamodel; path = ApsiapeDataModel.xcdatamodel; sourceTree = "<group>"; };
		A384A4AD16F0FA11008FC8DC /* search@2x.png */ = {isa = PBXFileReference; lastKnownFileType = image.png; path = "search@2x.png"; sourceTree = "<group>"; };
		A384A4AE16F0FA11008FC8DC /* add@2x.png */ = {isa = PBXFileReference; lastKnownFileType = image.png; path = "add@2x.png"; sourceTree = "<group>"; };
		A39162AF1703667F00B3F9FF /* BYQuickShotView.h */ = {isa = PBXFileReference; fileEncoding = 4; lastKnownFileType = sourcecode.c.h; path = BYQuickShotView.h; sourceTree = "<group>"; };
		A39162B01703667F00B3F9FF /* BYQuickShotView.m */ = {isa = PBXFileReference; fileEncoding = 4; lastKnownFileType = sourcecode.c.objc; path = BYQuickShotView.m; sourceTree = "<group>"; };
		A39162B21703A5AD00B3F9FF /* AVFoundation.framework */ = {isa = PBXFileReference; lastKnownFileType = wrapper.framework; name = AVFoundation.framework; path = System/Library/Frameworks/AVFoundation.framework; sourceTree = SDKROOT; };
		A39162B41703A75700B3F9FF /* CoreMedia.framework */ = {isa = PBXFileReference; lastKnownFileType = wrapper.framework; name = CoreMedia.framework; path = System/Library/Frameworks/CoreMedia.framework; sourceTree = SDKROOT; };
		A39C59BD16F6165800A68679 /* QuartzCore.framework */ = {isa = PBXFileReference; lastKnownFileType = wrapper.framework; name = QuartzCore.framework; path = System/Library/Frameworks/QuartzCore.framework; sourceTree = SDKROOT; };
		A3A24CD716FA1F5D0058493E /* BYExpenseInputView.h */ = {isa = PBXFileReference; fileEncoding = 4; lastKnownFileType = sourcecode.c.h; path = BYExpenseInputView.h; sourceTree = "<group>"; };
		A3A24CD816FA1F5D0058493E /* BYExpenseInputView.m */ = {isa = PBXFileReference; fileEncoding = 4; lastKnownFileType = sourcecode.c.objc; path = BYExpenseInputView.m; sourceTree = "<group>"; };
		A3D840BD1713262E004F6410 /* LocationArrow.png */ = {isa = PBXFileReference; lastKnownFileType = image.png; path = LocationArrow.png; sourceTree = "<group>"; };
		A3DAA96316F778CC00C22671 /* BYStorage.h */ = {isa = PBXFileReference; fileEncoding = 4; lastKnownFileType = sourcecode.c.h; path = BYStorage.h; sourceTree = "<group>"; };
		A3DAA96416F778CC00C22671 /* BYStorage.m */ = {isa = PBXFileReference; fileEncoding = 4; lastKnownFileType = sourcecode.c.objc; path = BYStorage.m; sourceTree = "<group>"; };
		A3E7570116E295F400AE2AF7 /* CoreData.framework */ = {isa = PBXFileReference; lastKnownFileType = wrapper.framework; name = CoreData.framework; path = System/Library/Frameworks/CoreData.framework; sourceTree = SDKROOT; };
		A3F7FAC516FA36D1002F58AA /* BYExpenseKeyboard.h */ = {isa = PBXFileReference; fileEncoding = 4; lastKnownFileType = sourcecode.c.h; path = BYExpenseKeyboard.h; sourceTree = "<group>"; };
		A3F7FAC616FA36D1002F58AA /* BYExpenseKeyboard.m */ = {isa = PBXFileReference; fileEncoding = 4; lastKnownFileType = sourcecode.c.objc; path = BYExpenseKeyboard.m; sourceTree = "<group>"; };
/* End PBXFileReference section */

/* Begin PBXFrameworksBuildPhase section */
		A307E80C16DE8A0D00C9425A /* Frameworks */ = {
			isa = PBXFrameworksBuildPhase;
			buildActionMask = 2147483647;
			files = (
				A3598064170E42F700FA8872 /* CoreLocation.framework in Frameworks */,
				A39162B51703A75700B3F9FF /* CoreMedia.framework in Frameworks */,
				A39C59BE16F6165800A68679 /* QuartzCore.framework in Frameworks */,
				A39162B31703A5AD00B3F9FF /* AVFoundation.framework in Frameworks */,
				A3E7570216E295F400AE2AF7 /* CoreData.framework in Frameworks */,
				A307E81316DE8A0D00C9425A /* UIKit.framework in Frameworks */,
				A307E81516DE8A0D00C9425A /* Foundation.framework in Frameworks */,
				A307E81716DE8A0D00C9425A /* CoreGraphics.framework in Frameworks */,
			);
			runOnlyForDeploymentPostprocessing = 0;
		};
/* End PBXFrameworksBuildPhase section */

/* Begin PBXGroup section */
		A307E80616DE8A0D00C9425A = {
			isa = PBXGroup;
			children = (
				A307E81816DE8A0D00C9425A /* Apsiape */,
				A307E81116DE8A0D00C9425A /* Frameworks */,
				A307E81016DE8A0D00C9425A /* Products */,
			);
			sourceTree = "<group>";
		};
		A307E81016DE8A0D00C9425A /* Products */ = {
			isa = PBXGroup;
			children = (
				A307E80F16DE8A0D00C9425A /* Apsiape.app */,
			);
			name = Products;
			sourceTree = "<group>";
		};
		A307E81116DE8A0D00C9425A /* Frameworks */ = {
			isa = PBXGroup;
			children = (
				A3598063170E42F700FA8872 /* CoreLocation.framework */,
				A39162B41703A75700B3F9FF /* CoreMedia.framework */,
				A39162B21703A5AD00B3F9FF /* AVFoundation.framework */,
				A39C59BD16F6165800A68679 /* QuartzCore.framework */,
				A3E7570116E295F400AE2AF7 /* CoreData.framework */,
				A307E81216DE8A0D00C9425A /* UIKit.framework */,
				A307E81416DE8A0D00C9425A /* Foundation.framework */,
				A307E81616DE8A0D00C9425A /* CoreGraphics.framework */,
			);
			name = Frameworks;
			sourceTree = "<group>";
		};
		A307E81816DE8A0D00C9425A /* Apsiape */ = {
			isa = PBXGroup;
			children = (
				A310311216E3AC9E00B163DC /* BYContainerViewController.h */,
				A310311316E3AC9E00B163DC /* BYContainerViewController.m */,
				A310311B16E3E37C00B163DC /* BYMainViewController.h */,
				A310311C16E3E37C00B163DC /* BYMainViewController.m */,
				A373763716F6306B00611FC6 /* Expense Creation */,
				A37526DC16F5201D0079C94A /* CollectionView */,
				A3832F0D16E0F6FD00D64DC1 /* Core Data */,
				A307E81916DE8A0D00C9425A /* Supporting Files */,
			);
			path = Apsiape;
			sourceTree = "<group>";
		};
		A307E81916DE8A0D00C9425A /* Supporting Files */ = {
			isa = PBXGroup;
			children = (
				A302945416FB554F009BBF6D /* miso-light.ttf */,
				A302945616FB56DB009BBF6D /* miso-regular.ttf */,
				A307E82116DE8A0D00C9425A /* BYAppDelegate.h */,
				A307E82216DE8A0D00C9425A /* BYAppDelegate.m */,
				A3DAA96316F778CC00C22671 /* BYStorage.h */,
				A3DAA96416F778CC00C22671 /* BYStorage.m */,
				A307E81A16DE8A0D00C9425A /* Apsiape-Info.plist */,
				A307E81B16DE8A0D00C9425A /* InfoPlist.strings */,
				A307E81E16DE8A0D00C9425A /* main.m */,
				A307E82016DE8A0D00C9425A /* Apsiape-Prefix.pch */,
				A307E82416DE8A0D00C9425A /* Default.png */,
				A3D840BD1713262E004F6410 /* LocationArrow.png */,
				A307E82616DE8A0D00C9425A /* Default@2x.png */,
				A307E82816DE8A0D00C9425A /* Default-568h@2x.png */,
				A384A4AD16F0FA11008FC8DC /* search@2x.png */,
				A384A4AE16F0FA11008FC8DC /* add@2x.png */,
			);
			name = "Supporting Files";
			sourceTree = "<group>";
		};
		A373763716F6306B00611FC6 /* Expense Creation */ = {
			isa = PBXGroup;
			children = (
				A373763116F62FF400611FC6 /* BYExpenseViewController.h */,
				A373763216F62FF400611FC6 /* BYExpenseViewController.m */,
				A3EAF9BE1725BD7900DE0116 /* Supporting View */,
			);
			name = "Expense Creation";
			sourceTree = "<group>";
		};
		A37526DC16F5201D0079C94A /* CollectionView */ = {
			isa = PBXGroup;
			children = (
				A37526D916F4FD530079C94A /* BYCollectionView.h */,
				A37526DA16F4FD540079C94A /* BYCollectionView.m */,
				A337964E16E52A4C00C55116 /* BYCollectionViewCell.h */,
				A337964F16E52A4C00C55116 /* BYCollectionViewCell.m */,
			);
			name = CollectionView;
			sourceTree = "<group>";
		};
		A3832F0D16E0F6FD00D64DC1 /* Core Data */ = {
			isa = PBXGroup;
			children = (
				A3832F0A16E0F6F800D64DC1 /* ApsiapeDataModel.xcdatamodeld */,
				A3193F14171C613A00EED786 /* Expense.h */,
				A3193F15171C613A00EED786 /* Expense.m */,
			);
			name = "Core Data";
			sourceTree = "<group>";
		};
		A3EAF9BE1725BD7900DE0116 /* Supporting View */ = {
			isa = PBXGroup;
			children = (
				A3A24CD716FA1F5D0058493E /* BYExpenseInputView.h */,
				A3A24CD816FA1F5D0058493E /* BYExpenseInputView.m */,
				A3F7FAC516FA36D1002F58AA /* BYExpenseKeyboard.h */,
				A3F7FAC616FA36D1002F58AA /* BYExpenseKeyboard.m */,
				A39162AF1703667F00B3F9FF /* BYQuickShotView.h */,
				A39162B01703667F00B3F9FF /* BYQuickShotView.m */,
			);
			name = "Supporting View";
			sourceTree = "<group>";
		};
/* End PBXGroup section */

/* Begin PBXNativeTarget section */
		A307E80E16DE8A0D00C9425A /* Apsiape */ = {
			isa = PBXNativeTarget;
			buildConfigurationList = A307E83216DE8A0D00C9425A /* Build configuration list for PBXNativeTarget "Apsiape" */;
			buildPhases = (
				A307E80B16DE8A0D00C9425A /* Sources */,
				A307E80C16DE8A0D00C9425A /* Frameworks */,
				A307E80D16DE8A0D00C9425A /* Resources */,
			);
			buildRules = (
			);
			dependencies = (
			);
			name = Apsiape;
			productName = Apsiape;
			productReference = A307E80F16DE8A0D00C9425A /* Apsiape.app */;
			productType = "com.apple.product-type.application";
		};
/* End PBXNativeTarget section */

/* Begin PBXProject section */
		A307E80716DE8A0D00C9425A /* Project object */ = {
			isa = PBXProject;
			attributes = {
				CLASSPREFIX = BY;
				LastUpgradeCheck = 0460;
				ORGANIZATIONNAME = Bytolution;
			};
			buildConfigurationList = A307E80A16DE8A0D00C9425A /* Build configuration list for PBXProject "Apsiape" */;
			compatibilityVersion = "Xcode 3.2";
			developmentRegion = English;
			hasScannedForEncodings = 0;
			knownRegions = (
				en,
			);
			mainGroup = A307E80616DE8A0D00C9425A;
			productRefGroup = A307E81016DE8A0D00C9425A /* Products */;
			projectDirPath = "";
			projectRoot = "";
			targets = (
				A307E80E16DE8A0D00C9425A /* Apsiape */,
			);
		};
/* End PBXProject section */

/* Begin PBXResourcesBuildPhase section */
		A307E80D16DE8A0D00C9425A /* Resources */ = {
			isa = PBXResourcesBuildPhase;
			buildActionMask = 2147483647;
			files = (
				A307E81D16DE8A0D00C9425A /* InfoPlist.strings in Resources */,
				A307E82516DE8A0D00C9425A /* Default.png in Resources */,
				A307E82716DE8A0D00C9425A /* Default@2x.png in Resources */,
				A307E82916DE8A0D00C9425A /* Default-568h@2x.png in Resources */,
				A384A4AF16F0FA11008FC8DC /* search@2x.png in Resources */,
				A384A4B016F0FA11008FC8DC /* add@2x.png in Resources */,
				A302945516FB554F009BBF6D /* miso-light.ttf in Resources */,
				A302945716FB56DB009BBF6D /* miso-regular.ttf in Resources */,
				A3D840BE1713262E004F6410 /* LocationArrow.png in Resources */,
			);
			runOnlyForDeploymentPostprocessing = 0;
		};
/* End PBXResourcesBuildPhase section */

/* Begin PBXSourcesBuildPhase section */
		A307E80B16DE8A0D00C9425A /* Sources */ = {
			isa = PBXSourcesBuildPhase;
			buildActionMask = 2147483647;
			files = (
				A307E81F16DE8A0D00C9425A /* main.m in Sources */,
				A307E82316DE8A0D00C9425A /* BYAppDelegate.m in Sources */,
				A3832F0C16E0F6F800D64DC1 /* ApsiapeDataModel.xcdatamodeld in Sources */,
				A310311416E3AC9E00B163DC /* BYContainerViewController.m in Sources */,
				A310311E16E3E37C00B163DC /* BYMainViewController.m in Sources */,
				A337965016E52A4C00C55116 /* BYCollectionViewCell.m in Sources */,
				A37526DB16F4FD540079C94A /* BYCollectionView.m in Sources */,
				A373763316F62FF400611FC6 /* BYExpenseViewController.m in Sources */,
				A3DAA96516F778CC00C22671 /* BYStorage.m in Sources */,
				A3A24CD916FA1F5D0058493E /* BYExpenseInputView.m in Sources */,
				A3F7FAC716FA36D1002F58AA /* BYExpenseKeyboard.m in Sources */,
				A39162B11703667F00B3F9FF /* BYQuickShotView.m in Sources */,
				A3193F16171C613A00EED786 /* Expense.m in Sources */,
			);
			runOnlyForDeploymentPostprocessing = 0;
		};
/* End PBXSourcesBuildPhase section */

/* Begin PBXVariantGroup section */
		A307E81B16DE8A0D00C9425A /* InfoPlist.strings */ = {
			isa = PBXVariantGroup;
			children = (
				A307E81C16DE8A0D00C9425A /* en */,
			);
			name = InfoPlist.strings;
			sourceTree = "<group>";
		};
/* End PBXVariantGroup section */

/* Begin XCBuildConfiguration section */
		A307E83016DE8A0D00C9425A /* Debug */ = {
			isa = XCBuildConfiguration;
			buildSettings = {
				ALWAYS_SEARCH_USER_PATHS = NO;
				CLANG_CXX_LANGUAGE_STANDARD = "gnu++0x";
				CLANG_CXX_LIBRARY = "libc++";
				CLANG_ENABLE_OBJC_ARC = YES;
				CLANG_WARN_CONSTANT_CONVERSION = YES;
				CLANG_WARN_EMPTY_BODY = YES;
				CLANG_WARN_ENUM_CONVERSION = YES;
				CLANG_WARN_INT_CONVERSION = YES;
				CLANG_WARN__DUPLICATE_METHOD_MATCH = YES;
				"CODE_SIGN_IDENTITY[sdk=iphoneos*]" = "iPhone Developer";
				COPY_PHASE_STRIP = NO;
				GCC_C_LANGUAGE_STANDARD = gnu99;
				GCC_DYNAMIC_NO_PIC = NO;
				GCC_OPTIMIZATION_LEVEL = 0;
				GCC_PREPROCESSOR_DEFINITIONS = (
					"DEBUG=1",
					"$(inherited)",
				);
				GCC_SYMBOLS_PRIVATE_EXTERN = NO;
				GCC_WARN_ABOUT_RETURN_TYPE = YES;
				GCC_WARN_UNINITIALIZED_AUTOS = YES;
				GCC_WARN_UNUSED_VARIABLE = YES;
				IPHONEOS_DEPLOYMENT_TARGET = 6.1;
				ONLY_ACTIVE_ARCH = YES;
				SDKROOT = iphoneos;
			};
			name = Debug;
		};
		A307E83116DE8A0D00C9425A /* Release */ = {
			isa = XCBuildConfiguration;
			buildSettings = {
				ALWAYS_SEARCH_USER_PATHS = NO;
				CLANG_CXX_LANGUAGE_STANDARD = "gnu++0x";
				CLANG_CXX_LIBRARY = "libc++";
				CLANG_ENABLE_OBJC_ARC = YES;
				CLANG_WARN_CONSTANT_CONVERSION = YES;
				CLANG_WARN_EMPTY_BODY = YES;
				CLANG_WARN_ENUM_CONVERSION = YES;
				CLANG_WARN_INT_CONVERSION = YES;
				CLANG_WARN__DUPLICATE_METHOD_MATCH = YES;
				"CODE_SIGN_IDENTITY[sdk=iphoneos*]" = "iPhone Developer";
				COPY_PHASE_STRIP = YES;
				GCC_C_LANGUAGE_STANDARD = gnu99;
				GCC_WARN_ABOUT_RETURN_TYPE = YES;
				GCC_WARN_UNINITIALIZED_AUTOS = YES;
				GCC_WARN_UNUSED_VARIABLE = YES;
				IPHONEOS_DEPLOYMENT_TARGET = 6.1;
				OTHER_CFLAGS = "-DNS_BLOCK_ASSERTIONS=1";
				SDKROOT = iphoneos;
				VALIDATE_PRODUCT = YES;
			};
			name = Release;
		};
		A307E83316DE8A0D00C9425A /* Debug */ = {
			isa = XCBuildConfiguration;
			buildSettings = {
				GCC_PRECOMPILE_PREFIX_HEADER = YES;
				GCC_PREFIX_HEADER = "Apsiape/Apsiape-Prefix.pch";
				INFOPLIST_FILE = "Apsiape/Apsiape-Info.plist";
				IPHONEOS_DEPLOYMENT_TARGET = 5.1;
				PRODUCT_NAME = "$(TARGET_NAME)";
				TARGETED_DEVICE_FAMILY = 1;
				WRAPPER_EXTENSION = app;
			};
			name = Debug;
		};
		A307E83416DE8A0D00C9425A /* Release */ = {
			isa = XCBuildConfiguration;
			buildSettings = {
				GCC_PRECOMPILE_PREFIX_HEADER = YES;
				GCC_PREFIX_HEADER = "Apsiape/Apsiape-Prefix.pch";
				INFOPLIST_FILE = "Apsiape/Apsiape-Info.plist";
				IPHONEOS_DEPLOYMENT_TARGET = 5.1;
				PRODUCT_NAME = "$(TARGET_NAME)";
				TARGETED_DEVICE_FAMILY = 1;
				WRAPPER_EXTENSION = app;
			};
			name = Release;
		};
/* End XCBuildConfiguration section */

/* Begin XCConfigurationList section */
		A307E80A16DE8A0D00C9425A /* Build configuration list for PBXProject "Apsiape" */ = {
			isa = XCConfigurationList;
			buildConfigurations = (
				A307E83016DE8A0D00C9425A /* Debug */,
				A307E83116DE8A0D00C9425A /* Release */,
			);
			defaultConfigurationIsVisible = 0;
			defaultConfigurationName = Release;
		};
		A307E83216DE8A0D00C9425A /* Build configuration list for PBXNativeTarget "Apsiape" */ = {
			isa = XCConfigurationList;
			buildConfigurations = (
				A307E83316DE8A0D00C9425A /* Debug */,
				A307E83416DE8A0D00C9425A /* Release */,
			);
			defaultConfigurationIsVisible = 0;
			defaultConfigurationName = Release;
		};
/* End XCConfigurationList section */

/* Begin XCVersionGroup section */
		A3832F0A16E0F6F800D64DC1 /* ApsiapeDataModel.xcdatamodeld */ = {
			isa = XCVersionGroup;
			children = (
				A3832F0B16E0F6F800D64DC1 /* ApsiapeDataModel.xcdatamodel */,
			);
			currentVersion = A3832F0B16E0F6F800D64DC1 /* ApsiapeDataModel.xcdatamodel */;
			path = ApsiapeDataModel.xcdatamodeld;
			sourceTree = "<group>";
			versionGroupType = wrapper.xcdatamodel;
		};
/* End XCVersionGroup section */
	};
	rootObject = A307E80716DE8A0D00C9425A /* Project object */;
}
